{
  "name": "chromiumizer",
  "version": "1.0.0-pre",
  "lockfileVersion": 1,
  "requires": true,
  "dependencies": {
    "ecstatic": {
      "version": "3.0.0",
      "resolved": "https://registry.npmjs.org/ecstatic/-/ecstatic-3.0.0.tgz",
      "integrity": "sha512-cQNEDR5s1PdLPRTK0V4LhxiN/DjPEH/97q0U/GVGG92EgaRoWbFNWYNMd1K7zcQPZZsB/AISswvyEX9XYY8tIw==",
      "requires": {
        "he": "1.1.1",
        "mime": "1.4.1",
        "minimist": "1.2.0",
        "url-join": "2.0.2"
      }
    },
    "he": {
      "version": "1.1.1",
      "resolved": "https://registry.npmjs.org/he/-/he-1.1.1.tgz",
      "integrity": "sha1-k0EP0hsAlzUVH4howvJx80J+I/0="
    },
    "mime": {
      "version": "1.4.1",
      "resolved": "https://registry.npmjs.org/mime/-/mime-1.4.1.tgz",
      "integrity": "sha512-KI1+qOZu5DcW6wayYHSzR/tXKCDC5Om4s1z2QJjDULzLcmf3DvzS7oluY4HCTrc+9FiKmWUgeNLg7W3uIQvxtQ=="
    },
    "minimist": {
      "version": "1.2.0",
      "resolved": "https://registry.npmjs.org/minimist/-/minimist-1.2.0.tgz",
      "integrity": "sha1-o1AIsg9BOD7sH7kU9M1d95omQoQ="
    },
    "url-join": {
      "version": "2.0.2",
      "resolved": "https://registry.npmjs.org/url-join/-/url-join-2.0.2.tgz",
      "integrity": "sha1-wHJ1aWetJLi1nldBVRyqx49QuLc="
    }
  }
}
